
Microsoft Visual Studio Solution File, Format Version 12.00
# Visual Studio Version 17
VisualStudioVersion = 17.5.002.0
MinimumVisualStudioVersion = 10.0.40219.1
Project("{2150E333-8FDC-42A3-9474-1A3956D46DE8}") = "Section06-LinqToXml", "Section06-LinqToXml", "{E0E52DCF-0BF5-429E-B30A-4452468DD9C9}"
EndProject
Project("{9A19103F-16F7-4668-BE54-9A1E7A4F7556}") = "CMS.Data.Models", "Section06-LinqToXml\CMS.Data.Models\CMS.Data.Models.csproj", "{75631B83-2710-41FD-81DA-640807CA92EA}"
EndProject
Project("{9A19103F-16F7-4668-BE54-9A1E7A4F7556}") = "LinqToXml", "Section06-LinqToXml\LinqToXml\LinqToXml.csproj", "{0C2BC663-74F3-4D51-A3DB-98935F9BADD9}"
EndProject
Project("{2150E333-8FDC-42A3-9474-1A3956D46DE8}") = "Section02-GetStarted", "Section02-GetStarted", "{B8DAE0F6-7FE0-4D46-8AB0-973649ABD2F0}"
EndProject
Project("{9A19103F-16F7-4668-BE54-9A1E7A4F7556}") = "Assignment1", "Section02-GetStarted\Assignment1\Assignment1.csproj", "{B4D8BC68-53BD-4479-BD2F-EF42F523FFDC}"
EndProject
Project("{9A19103F-16F7-4668-BE54-9A1E7A4F7556}") = "LinqBasics", "Section02-GetStarted\LinqBasics\LinqBasics.csproj", "{10C7F975-B6B3-4A53-985C-E8EA18E4BA17}"
EndProject
Project("{9A19103F-16F7-4668-BE54-9A1E7A4F7556}") = "Assignment1Solution", "Section02-GetStarted\Assignment1Solution\Assignment1Solution.csproj", "{05DB2BAE-2CBC-4D6B-A0A4-17D0BC9E3A2E}"
EndProject
Project("{2150E333-8FDC-42A3-9474-1A3956D46DE8}") = "Section03-LinqSyntaxTypes", "Section03-LinqSyntaxTypes", "{BBCCBDDC-98E0-4BF3-B6B4-1FA74E0B5903}"
EndProject
Project("{9A19103F-16F7-4668-BE54-9A1E7A4F7556}") = "Assignment1", "Section03-LinqSyntaxTypes\Assignment1\Assignment1.csproj", "{26C43634-7DA1-4A64-99C5-93D192004D6F}"
EndProject
Project("{9A19103F-16F7-4668-BE54-9A1E7A4F7556}") = "LinqSyntaxDifferences", "Section03-LinqSyntaxTypes\LinqSyntaxDifferences\LinqSyntaxDifferences.csproj", "{FC2D0094-5F3C-4131-81C8-211B4BF6A284}"
EndProject
Project("{9A19103F-16F7-4668-BE54-9A1E7A4F7556}") = "LinqMethodSyntax", "Section03-LinqSyntaxTypes\LinqMethodSyntax\LinqMethodSyntax.csproj", "{0BE01882-A9AA-4858-87BE-E13F4523A16F}"
EndProject
Project("{2150E333-8FDC-42A3-9474-1A3956D46DE8}") = "Section07-LinqToJson", "Section07-LinqToJson", "{B5D1A240-7DF3-47BC-8D7C-579B5E6443AF}"
EndProject
Project("{9A19103F-16F7-4668-BE54-9A1E7A4F7556}") = "CMS.Data.Models", "Section07-LinqToJson\CMS.Data.Models\CMS.Data.Models.csproj", "{3EE69FE2-F6F5-4D24-B66B-8966F22634EF}"
EndProject
Project("{9A19103F-16F7-4668-BE54-9A1E7A4F7556}") = "LinqToJson", "Section07-LinqToJson\LinqToJson\LinqToJson.csproj", "{AFCB1469-AE73-4909-B1F9-1F868F8B094F}"
EndProject
Project("{2150E333-8FDC-42A3-9474-1A3956D46DE8}") = "Section04-LinqToObjects", "Section04-LinqToObjects", "{48A6B3BB-7FB6-4174-B0A0-1D7882D4943E}"
EndProject
Project("{9A19103F-16F7-4668-BE54-9A1E7A4F7556}") = "LinqQuantifier", "Section04-LinqToObjects\LinqQuantifier\LinqQuantifier.csproj", "{D03BA4BC-BA82-4BF8-BAC7-BC4B42CCC04C}"
EndProject
Project("{9A19103F-16F7-4668-BE54-9A1E7A4F7556}") = "LinqGrouping", "Section04-LinqToObjects\LinqGrouping\LinqGrouping.csproj", "{8B3A7B94-ABC9-438E-9649-84B0DC05FA1B}"
EndProject
Project("{9A19103F-16F7-4668-BE54-9A1E7A4F7556}") = "LinqSorting", "Section04-LinqToObjects\LinqSorting\LinqSorting.csproj", "{63E61529-8565-4A7D-8915-967B2249D28A}"
EndProject
Project("{9A19103F-16F7-4668-BE54-9A1E7A4F7556}") = "CMS.UI.Models", "Section04-LinqToObjects\CMS.UI.Models\CMS.UI.Models.csproj", "{CEE425E6-5FB1-45F7-9343-D034E71EDA0B}"
EndProject
Project("{9A19103F-16F7-4668-BE54-9A1E7A4F7556}") = "LinqJoin", "Section04-LinqToObjects\LinqJoin\LinqJoin.csproj", "{DCC00241-DF73-4586-A60E-7B0C9C862CC3}"
EndProject
Project("{9A19103F-16F7-4668-BE54-9A1E7A4F7556}") = "Assignment2", "Section04-LinqToObjects\Assignment2\Assignment2.csproj", "{7BEB9F78-2716-4231-AF71-4FAE191C31B8}"
EndProject
Project("{9A19103F-16F7-4668-BE54-9A1E7A4F7556}") = "LinqElements", "Section04-LinqToObjects\LinqElements\LinqElements.csproj", "{E6F2C2CE-8C16-4A90-8486-077CEF067914}"
EndProject
Project("{9A19103F-16F7-4668-BE54-9A1E7A4F7556}") = "LinqProjection", "Section04-LinqToObjects\LinqProjection\LinqProjection.csproj", "{5D4C5503-4BAF-48B5-B5B2-224762000911}"
EndProject
Project("{9A19103F-16F7-4668-BE54-9A1E7A4F7556}") = "LinqAggregation", "Section04-LinqToObjects\LinqAggregation\LinqAggregation.csproj", "{2F34D261-AFF8-4104-8426-997895B8D9D1}"
EndProject
Project("{9A19103F-16F7-4668-BE54-9A1E7A4F7556}") = "LinqFiltering", "Section04-LinqToObjects\LinqFiltering\LinqFiltering.csproj", "{A9CE3002-E62D-43A8-A162-8A2A28514FBB}"
EndProject
Project("{2150E333-8FDC-42A3-9474-1A3956D46DE8}") = "Section05-LinqToEntities", "Section05-LinqToEntities", "{F72608CC-C220-40C5-AFE9-6F9F8C1DAB3D}"
EndProject
Project("{9A19103F-16F7-4668-BE54-9A1E7A4F7556}") = "Assignment1", "Section05-LinqToEntities\Assignment1\Assignment1.csproj", "{1F406719-4F8A-412C-AD0C-0303A7CC6C61}"
EndProject
Project("{9A19103F-16F7-4668-BE54-9A1E7A4F7556}") = "LinqToEntities", "Section05-LinqToEntities\LinqToEntities\LinqToEntities.csproj", "{1FDDBC9A-B5E1-403D-8B6A-75323636C069}"
EndProject
Project("{2150E333-8FDC-42A3-9474-1A3956D46DE8}") = "LinqMethodSyntax (1)", "LinqMethodSyntax", "{F778194F-C8E2-4830-A117-A9BD82E2D012}"
EndProject
Project("{9A19103F-16F7-4668-BE54-9A1E7A4F7556}") = "Assignment1Solution", "Section03-LinqSyntaxTypes\LinqMethodSyntax\Assignment1Solution\Assignment1Solution.csproj", "{91850881-14CD-4799-8222-896009656581}"
EndProject
Global
	GlobalSection(SolutionConfigurationPlatforms) = preSolution
		Debug|Any CPU = Debug|Any CPU
		Release|Any CPU = Release|Any CPU
	EndGlobalSection
	GlobalSection(ProjectConfigurationPlatforms) = postSolution
		{75631B83-2710-41FD-81DA-640807CA92EA}.Debug|Any CPU.ActiveCfg = Debug|Any CPU
		{75631B83-2710-41FD-81DA-640807CA92EA}.Debug|Any CPU.Build.0 = Debug|Any CPU
		{75631B83-2710-41FD-81DA-640807CA92EA}.Release|Any CPU.ActiveCfg = Release|Any CPU
		{75631B83-2710-41FD-81DA-640807CA92EA}.Release|Any CPU.Build.0 = Release|Any CPU
		{0C2BC663-74F3-4D51-A3DB-98935F9BADD9}.Debug|Any CPU.ActiveCfg = Debug|Any CPU
		{0C2BC663-74F3-4D51-A3DB-98935F9BADD9}.Debug|Any CPU.Build.0 = Debug|Any CPU
		{0C2BC663-74F3-4D51-A3DB-98935F9BADD9}.Release|Any CPU.ActiveCfg = Release|Any CPU
		{0C2BC663-74F3-4D51-A3DB-98935F9BADD9}.Release|Any CPU.Build.0 = Release|Any CPU
		{B4D8BC68-53BD-4479-BD2F-EF42F523FFDC}.Debug|Any CPU.ActiveCfg = Debug|Any CPU
		{B4D8BC68-53BD-4479-BD2F-EF42F523FFDC}.Debug|Any CPU.Build.0 = Debug|Any CPU
		{B4D8BC68-53BD-4479-BD2F-EF42F523FFDC}.Release|Any CPU.ActiveCfg = Release|Any CPU
		{B4D8BC68-53BD-4479-BD2F-EF42F523FFDC}.Release|Any CPU.Build.0 = Release|Any CPU
		{10C7F975-B6B3-4A53-985C-E8EA18E4BA17}.Debug|Any CPU.ActiveCfg = Debug|Any CPU
		{10C7F975-B6B3-4A53-985C-E8EA18E4BA17}.Debug|Any CPU.Build.0 = Debug|Any CPU
		{10C7F975-B6B3-4A53-985C-E8EA18E4BA17}.Release|Any CPU.ActiveCfg = Release|Any CPU
		{10C7F975-B6B3-4A53-985C-E8EA18E4BA17}.Release|Any CPU.Build.0 = Release|Any CPU
		{05DB2BAE-2CBC-4D6B-A0A4-17D0BC9E3A2E}.Debug|Any CPU.ActiveCfg = Debug|Any CPU
		{05DB2BAE-2CBC-4D6B-A0A4-17D0BC9E3A2E}.Debug|Any CPU.Build.0 = Debug|Any CPU
		{05DB2BAE-2CBC-4D6B-A0A4-17D0BC9E3A2E}.Release|Any CPU.ActiveCfg = Release|Any CPU
		{05DB2BAE-2CBC-4D6B-A0A4-17D0BC9E3A2E}.Release|Any CPU.Build.0 = Release|Any CPU
		{26C43634-7DA1-4A64-99C5-93D192004D6F}.Debug|Any CPU.ActiveCfg = Debug|Any CPU
		{26C43634-7DA1-4A64-99C5-93D192004D6F}.Debug|Any CPU.Build.0 = Debug|Any CPU
		{26C43634-7DA1-4A64-99C5-93D192004D6F}.Release|Any CPU.ActiveCfg = Release|Any CPU
		{26C43634-7DA1-4A64-99C5-93D192004D6F}.Release|Any CPU.Build.0 = Release|Any CPU
		{FC2D0094-5F3C-4131-81C8-211B4BF6A284}.Debug|Any CPU.ActiveCfg = Debug|Any CPU
		{FC2D0094-5F3C-4131-81C8-211B4BF6A284}.Debug|Any CPU.Build.0 = Debug|Any CPU
		{FC2D0094-5F3C-4131-81C8-211B4BF6A284}.Release|Any CPU.ActiveCfg = Release|Any CPU
		{FC2D0094-5F3C-4131-81C8-211B4BF6A284}.Release|Any CPU.Build.0 = Release|Any CPU
		{0BE01882-A9AA-4858-87BE-E13F4523A16F}.Debug|Any CPU.ActiveCfg = Debug|Any CPU
		{0BE01882-A9AA-4858-87BE-E13F4523A16F}.Debug|Any CPU.Build.0 = Debug|Any CPU
		{0BE01882-A9AA-4858-87BE-E13F4523A16F}.Release|Any CPU.ActiveCfg = Release|Any CPU
		{0BE01882-A9AA-4858-87BE-E13F4523A16F}.Release|Any CPU.Build.0 = Release|Any CPU
		{3EE69FE2-F6F5-4D24-B66B-8966F22634EF}.Debug|Any CPU.ActiveCfg = Debug|Any CPU
		{3EE69FE2-F6F5-4D24-B66B-8966F22634EF}.Debug|Any CPU.Build.0 = Debug|Any CPU
		{3EE69FE2-F6F5-4D24-B66B-8966F22634EF}.Release|Any CPU.ActiveCfg = Release|Any CPU
		{3EE69FE2-F6F5-4D24-B66B-8966F22634EF}.Release|Any CPU.Build.0 = Release|Any CPU
		{AFCB1469-AE73-4909-B1F9-1F868F8B094F}.Debug|Any CPU.ActiveCfg = Debug|Any CPU
		{AFCB1469-AE73-4909-B1F9-1F868F8B094F}.Debug|Any CPU.Build.0 = Debug|Any CPU
		{AFCB1469-AE73-4909-B1F9-1F868F8B094F}.Release|Any CPU.ActiveCfg = Release|Any CPU
		{AFCB1469-AE73-4909-B1F9-1F868F8B094F}.Release|Any CPU.Build.0 = Release|Any CPU
		{D03BA4BC-BA82-4BF8-BAC7-BC4B42CCC04C}.Debug|Any CPU.ActiveCfg = Debug|Any CPU
		{D03BA4BC-BA82-4BF8-BAC7-BC4B42CCC04C}.Debug|Any CPU.Build.0 = Debug|Any CPU
		{D03BA4BC-BA82-4BF8-BAC7-BC4B42CCC04C}.Release|Any CPU.ActiveCfg = Release|Any CPU
		{D03BA4BC-BA82-4BF8-BAC7-BC4B42CCC04C}.Release|Any CPU.Build.0 = Release|Any CPU
		{8B3A7B94-ABC9-438E-9649-84B0DC05FA1B}.Debug|Any CPU.ActiveCfg = Debug|Any CPU
		{8B3A7B94-ABC9-438E-9649-84B0DC05FA1B}.Debug|Any CPU.Build.0 = Debug|Any CPU
		{8B3A7B94-ABC9-438E-9649-84B0DC05FA1B}.Release|Any CPU.ActiveCfg = Release|Any CPU
		{8B3A7B94-ABC9-438E-9649-84B0DC05FA1B}.Release|Any CPU.Build.0 = Release|Any CPU
		{63E61529-8565-4A7D-8915-967B2249D28A}.Debug|Any CPU.ActiveCfg = Debug|Any CPU
		{63E61529-8565-4A7D-8915-967B2249D28A}.Debug|Any CPU.Build.0 = Debug|Any CPU
		{63E61529-8565-4A7D-8915-967B2249D28A}.Release|Any CPU.ActiveCfg = Release|Any CPU
		{63E61529-8565-4A7D-8915-967B2249D28A}.Release|Any CPU.Build.0 = Release|Any CPU
		{CEE425E6-5FB1-45F7-9343-D034E71EDA0B}.Debug|Any CPU.ActiveCfg = Debug|Any CPU
		{CEE425E6-5FB1-45F7-9343-D034E71EDA0B}.Debug|Any CPU.Build.0 = Debug|Any CPU
		{CEE425E6-5FB1-45F7-9343-D034E71EDA0B}.Release|Any CPU.ActiveCfg = Release|Any CPU
		{CEE425E6-5FB1-45F7-9343-D034E71EDA0B}.Release|Any CPU.Build.0 = Release|Any CPU
		{DCC00241-DF73-4586-A60E-7B0C9C862CC3}.Debug|Any CPU.ActiveCfg = Debug|Any CPU
		{DCC00241-DF73-4586-A60E-7B0C9C862CC3}.Debug|Any CPU.Build.0 = Debug|Any CPU
		{DCC00241-DF73-4586-A60E-7B0C9C862CC3}.Release|Any CPU.ActiveCfg = Release|Any CPU
		{DCC00241-DF73-4586-A60E-7B0C9C862CC3}.Release|Any CPU.Build.0 = Release|Any CPU
		{7BEB9F78-2716-4231-AF71-4FAE191C31B8}.Debug|Any CPU.ActiveCfg = Debug|Any CPU
		{7BEB9F78-2716-4231-AF71-4FAE191C31B8}.Debug|Any CPU.Build.0 = Debug|Any CPU
		{7BEB9F78-2716-4231-AF71-4FAE191C31B8}.Release|Any CPU.ActiveCfg = Release|Any CPU
		{7BEB9F78-2716-4231-AF71-4FAE191C31B8}.Release|Any CPU.Build.0 = Release|Any CPU
		{E6F2C2CE-8C16-4A90-8486-077CEF067914}.Debug|Any CPU.ActiveCfg = Debug|Any CPU
		{E6F2C2CE-8C16-4A90-8486-077CEF067914}.Debug|Any CPU.Build.0 = Debug|Any CPU
		{E6F2C2CE-8C16-4A90-8486-077CEF067914}.Release|Any CPU.ActiveCfg = Release|Any CPU
		{E6F2C2CE-8C16-4A90-8486-077CEF067914}.Release|Any CPU.Build.0 = Release|Any CPU
		{5D4C5503-4BAF-48B5-B5B2-224762000911}.Debug|Any CPU.ActiveCfg = Debug|Any CPU
		{5D4C5503-4BAF-48B5-B5B2-224762000911}.Debug|Any CPU.Build.0 = Debug|Any CPU
		{5D4C5503-4BAF-48B5-B5B2-224762000911}.Release|Any CPU.ActiveCfg = Release|Any CPU
		{5D4C5503-4BAF-48B5-B5B2-224762000911}.Release|Any CPU.Build.0 = Release|Any CPU
		{2F34D261-AFF8-4104-8426-997895B8D9D1}.Debug|Any CPU.ActiveCfg = Debug|Any CPU
		{2F34D261-AFF8-4104-8426-997895B8D9D1}.Debug|Any CPU.Build.0 = Debug|Any CPU
		{2F34D261-AFF8-4104-8426-997895B8D9D1}.Release|Any CPU.ActiveCfg = Release|Any CPU
		{2F34D261-AFF8-4104-8426-997895B8D9D1}.Release|Any CPU.Build.0 = Release|Any CPU
		{A9CE3002-E62D-43A8-A162-8A2A28514FBB}.Debug|Any CPU.ActiveCfg = Debug|Any CPU
		{A9CE3002-E62D-43A8-A162-8A2A28514FBB}.Debug|Any CPU.Build.0 = Debug|Any CPU
		{A9CE3002-E62D-43A8-A162-8A2A28514FBB}.Release|Any CPU.ActiveCfg = Release|Any CPU
		{A9CE3002-E62D-43A8-A162-8A2A28514FBB}.Release|Any CPU.Build.0 = Release|Any CPU
		{1F406719-4F8A-412C-AD0C-0303A7CC6C61}.Debug|Any CPU.ActiveCfg = Debug|Any CPU
		{1F406719-4F8A-412C-AD0C-0303A7CC6C61}.Debug|Any CPU.Build.0 = Debug|Any CPU
		{1F406719-4F8A-412C-AD0C-0303A7CC6C61}.Release|Any CPU.ActiveCfg = Release|Any CPU
		{1F406719-4F8A-412C-AD0C-0303A7CC6C61}.Release|Any CPU.Build.0 = Release|Any CPU
		{1FDDBC9A-B5E1-403D-8B6A-75323636C069}.Debug|Any CPU.ActiveCfg = Debug|Any CPU
		{1FDDBC9A-B5E1-403D-8B6A-75323636C069}.Debug|Any CPU.Build.0 = Debug|Any CPU
		{1FDDBC9A-B5E1-403D-8B6A-75323636C069}.Release|Any CPU.ActiveCfg = Release|Any CPU
		{1FDDBC9A-B5E1-403D-8B6A-75323636C069}.Release|Any CPU.Build.0 = Release|Any CPU
		{91850881-14CD-4799-8222-896009656581}.Debug|Any CPU.ActiveCfg = Debug|Any CPU
		{91850881-14CD-4799-8222-896009656581}.Debug|Any CPU.Build.0 = Debug|Any CPU
		{91850881-14CD-4799-8222-896009656581}.Release|Any CPU.ActiveCfg = Release|Any CPU
		{91850881-14CD-4799-8222-896009656581}.Release|Any CPU.Build.0 = Release|Any CPU
	EndGlobalSection
	GlobalSection(SolutionProperties) = preSolution
		HideSolutionNode = FALSE
	EndGlobalSection
	GlobalSection(NestedProjects) = preSolution
		{75631B83-2710-41FD-81DA-640807CA92EA} = {E0E52DCF-0BF5-429E-B30A-4452468DD9C9}
		{0C2BC663-74F3-4D51-A3DB-98935F9BADD9} = {E0E52DCF-0BF5-429E-B30A-4452468DD9C9}
		{B4D8BC68-53BD-4479-BD2F-EF42F523FFDC} = {B8DAE0F6-7FE0-4D46-8AB0-973649ABD2F0}
		{10C7F975-B6B3-4A53-985C-E8EA18E4BA17} = {B8DAE0F6-7FE0-4D46-8AB0-973649ABD2F0}
		{05DB2BAE-2CBC-4D6B-A0A4-17D0BC9E3A2E} = {B8DAE0F6-7FE0-4D46-8AB0-973649ABD2F0}
		{26C43634-7DA1-4A64-99C5-93D192004D6F} = {BBCCBDDC-98E0-4BF3-B6B4-1FA74E0B5903}
		{FC2D0094-5F3C-4131-81C8-211B4BF6A284} = {BBCCBDDC-98E0-4BF3-B6B4-1FA74E0B5903}
		{0BE01882-A9AA-4858-87BE-E13F4523A16F} = {BBCCBDDC-98E0-4BF3-B6B4-1FA74E0B5903}
		{3EE69FE2-F6F5-4D24-B66B-8966F22634EF} = {B5D1A240-7DF3-47BC-8D7C-579B5E6443AF}
		{AFCB1469-AE73-4909-B1F9-1F868F8B094F} = {B5D1A240-7DF3-47BC-8D7C-579B5E6443AF}
		{D03BA4BC-BA82-4BF8-BAC7-BC4B42CCC04C} = {48A6B3BB-7FB6-4174-B0A0-1D7882D4943E}
		{8B3A7B94-ABC9-438E-9649-84B0DC05FA1B} = {48A6B3BB-7FB6-4174-B0A0-1D7882D4943E}
		{63E61529-8565-4A7D-8915-967B2249D28A} = {48A6B3BB-7FB6-4174-B0A0-1D7882D4943E}
		{CEE425E6-5FB1-45F7-9343-D034E71EDA0B} = {48A6B3BB-7FB6-4174-B0A0-1D7882D4943E}
		{DCC00241-DF73-4586-A60E-7B0C9C862CC3} = {48A6B3BB-7FB6-4174-B0A0-1D7882D4943E}
		{7BEB9F78-2716-4231-AF71-4FAE191C31B8} = {48A6B3BB-7FB6-4174-B0A0-1D7882D4943E}
		{E6F2C2CE-8C16-4A90-8486-077CEF067914} = {48A6B3BB-7FB6-4174-B0A0-1D7882D4943E}
		{5D4C5503-4BAF-48B5-B5B2-224762000911} = {48A6B3BB-7FB6-4174-B0A0-1D7882D4943E}
		{2F34D261-AFF8-4104-8426-997895B8D9D1} = {48A6B3BB-7FB6-4174-B0A0-1D7882D4943E}
		{A9CE3002-E62D-43A8-A162-8A2A28514FBB} = {48A6B3BB-7FB6-4174-B0A0-1D7882D4943E}
		{1F406719-4F8A-412C-AD0C-0303A7CC6C61} = {F72608CC-C220-40C5-AFE9-6F9F8C1DAB3D}
		{1FDDBC9A-B5E1-403D-8B6A-75323636C069} = {F72608CC-C220-40C5-AFE9-6F9F8C1DAB3D}
		{F778194F-C8E2-4830-A117-A9BD82E2D012} = {BBCCBDDC-98E0-4BF3-B6B4-1FA74E0B5903}
		{91850881-14CD-4799-8222-896009656581} = {F778194F-C8E2-4830-A117-A9BD82E2D012}
	EndGlobalSection
	GlobalSection(ExtensibilityGlobals) = postSolution
		SolutionGuid = {5DB07A7E-A194-4A71-BE0E-9E7715E488CA}
	EndGlobalSection
EndGlobal
